
Microsoft Visual Studio Solution File, Format Version 12.00
# Visual Studio 15
VisualStudioVersion = 15.0.28010.0
MinimumVisualStudioVersion = 10.0.40219.1
Project("{9A19103F-16F7-4668-BE54-9A1E7A4F7556}") = "ConsoleApp3", "ConsoleApp3\ConsoleApp3.csproj", "{C1D252AB-DCDF-41C3-8FF2-3F2A5F5B599A}"
EndProject
Project("{FAE04EC0-301F-11D3-BF4B-00C04F79EFBC}") = "ConsoleApp3.UnitTests", "ConsoleApp3.UnitTests\ConsoleApp3.UnitTests.csproj", "{FA9E3B1A-B700-44C3-B829-D511CE99D80F}"
EndProject
Global
	GlobalSection(SolutionConfigurationPlatforms) = preSolution
		Debug|Any CPU = Debug|Any CPU
		Release|Any CPU = Release|Any CPU
	EndGlobalSection
	GlobalSection(ProjectConfigurationPlatforms) = postSolution
		{C1D252AB-DCDF-41C3-8FF2-3F2A5F5B599A}.Debug|Any CPU.ActiveCfg = Debug|Any CPU
		{C1D252AB-DCDF-41C3-8FF2-3F2A5F5B599A}.Debug|Any CPU.Build.0 = Debug|Any CPU
		{C1D252AB-DCDF-41C3-8FF2-3F2A5F5B599A}.Release|Any CPU.ActiveCfg = Release|Any CPU
		{C1D252AB-DCDF-41C3-8FF2-3F2A5F5B599A}.Release|Any CPU.Build.0 = Release|Any CPU
		{FA9E3B1A-B700-44C3-B829-D511CE99D80F}.Debug|Any CPU.ActiveCfg = Debug|Any CPU
		{FA9E3B1A-B700-44C3-B829-D511CE99D80F}.Debug|Any CPU.Build.0 = Debug|Any CPU
		{FA9E3B1A-B700-44C3-B829-D511CE99D80F}.Release|Any CPU.ActiveCfg = Release|Any CPU
		{FA9E3B1A-B700-44C3-B829-D511CE99D80F}.Release|Any CPU.Build.0 = Release|Any CPU
	EndGlobalSection
	GlobalSection(SolutionProperties) = preSolution
		HideSolutionNode = FALSE
	EndGlobalSection
	GlobalSection(ExtensibilityGlobals) = postSolution
		SolutionGuid = {0F04B1EB-6F72-4C97-A55E-60173F802303}
	EndGlobalSection
EndGlobal
